
Microsoft Visual Studio Solution File, Format Version 11.00
# Visual Studio 2010
Project("{FAE04EC0-301F-11D3-BF4B-00C04F79EFBC}") = "Team9-final-project", "Assembly-CSharp-firstpass.csproj", "{757C5DF8-7899-DAE0-6EEE-51DD83C3E58D}"
EndProject
Project("{FAE04EC0-301F-11D3-BF4B-00C04F79EFBC}") = "Team9-final-project", "Assembly-CSharp.csproj", "{1BF964C7-0215-650F-DD99-62C8AE074CCD}"
EndProject
Project("{FAE04EC0-301F-11D3-BF4B-00C04F79EFBC}") = "Team9-final-project", "Assembly-CSharp-Editor-firstpass.csproj", "{3BF4FB55-BBE3-04D6-8A5B-3082181531B2}"
EndProject
Global
	GlobalSection(SolutionConfigurationPlatforms) = preSolution
		Debug|Any CPU = Debug|Any CPU
		Release|Any CPU = Release|Any CPU
	EndGlobalSection
	GlobalSection(ProjectConfigurationPlatforms) = postSolution
		{757C5DF8-7899-DAE0-6EEE-51DD83C3E58D}.Debug|Any CPU.ActiveCfg = Debug|Any CPU
		{757C5DF8-7899-DAE0-6EEE-51DD83C3E58D}.Debug|Any CPU.Build.0 = Debug|Any CPU
		{757C5DF8-7899-DAE0-6EEE-51DD83C3E58D}.Release|Any CPU.ActiveCfg = Release|Any CPU
		{757C5DF8-7899-DAE0-6EEE-51DD83C3E58D}.Release|Any CPU.Build.0 = Release|Any CPU
		{1BF964C7-0215-650F-DD99-62C8AE074CCD}.Debug|Any CPU.ActiveCfg = Debug|Any CPU
		{1BF964C7-0215-650F-DD99-62C8AE074CCD}.Debug|Any CPU.Build.0 = Debug|Any CPU
		{1BF964C7-0215-650F-DD99-62C8AE074CCD}.Release|Any CPU.ActiveCfg = Release|Any CPU
		{1BF964C7-0215-650F-DD99-62C8AE074CCD}.Release|Any CPU.Build.0 = Release|Any CPU
		{3BF4FB55-BBE3-04D6-8A5B-3082181531B2}.Debug|Any CPU.ActiveCfg = Debug|Any CPU
		{3BF4FB55-BBE3-04D6-8A5B-3082181531B2}.Debug|Any CPU.Build.0 = Debug|Any CPU
		{3BF4FB55-BBE3-04D6-8A5B-3082181531B2}.Release|Any CPU.ActiveCfg = Release|Any CPU
		{3BF4FB55-BBE3-04D6-8A5B-3082181531B2}.Release|Any CPU.Build.0 = Release|Any CPU
	EndGlobalSection
	GlobalSection(SolutionProperties) = preSolution
		HideSolutionNode = FALSE
	EndGlobalSection
	GlobalSection(MonoDevelopProperties) = preSolution
		StartupItem = Assembly-CSharp.csproj
	EndGlobalSection
EndGlobal
